
Microsoft Visual Studio Solution File, Format Version 12.00
# Visual Studio 15
VisualStudioVersion = 15.0.28010.2003
MinimumVisualStudioVersion = 10.0.40219.1
Project("{FAE04EC0-301F-11D3-BF4B-00C04F79EFBC}") = "SimpleCalculatorApp", "SimpleCalculatorApp\SimpleCalculatorApp.csproj", "{7507CB21-454E-4569-BB89-595DDFC0D697}"
EndProject
Global
	GlobalSection(SolutionConfigurationPlatforms) = preSolution
		Debug|Any CPU = Debug|Any CPU
		Release|Any CPU = Release|Any CPU
	EndGlobalSection
	GlobalSection(ProjectConfigurationPlatforms) = postSolution
		{7507CB21-454E-4569-BB89-595DDFC0D697}.Debug|Any CPU.ActiveCfg = Debug|Any CPU
		{7507CB21-454E-4569-BB89-595DDFC0D697}.Debug|Any CPU.Build.0 = Debug|Any CPU
		{7507CB21-454E-4569-BB89-595DDFC0D697}.Release|Any CPU.ActiveCfg = Release|Any CPU
		{7507CB21-454E-4569-BB89-595DDFC0D697}.Release|Any CPU.Build.0 = Release|Any CPU
	EndGlobalSection
	GlobalSection(SolutionProperties) = preSolution
		HideSolutionNode = FALSE
	EndGlobalSection
	GlobalSection(ExtensibilityGlobals) = postSolution
		SolutionGuid = {79D03379-1598-439C-A5BB-A0FF96803557}
	EndGlobalSection
EndGlobal
